// !$*UTF8*$!
{
	archiveVersion = 1;
	classes = {
	};
	objectVersion = 55;
	objects = {

/* Begin PBXBuildFile section */
		0A58C0C42679B657004C54EB /* LoadingView.swift in Sources */ = {isa = PBXBuildFile; fileRef = 0A58C0C32679B657004C54EB /* LoadingView.swift */; };
		0A58C0C62679BEEF004C54EB /* AboutMenu.swift in Sources */ = {isa = PBXBuildFile; fileRef = 0A58C0C52679BEEF004C54EB /* AboutMenu.swift */; };
		0AA3830F2678CE6D00CE9D94 /* BlurView.swift in Sources */ = {isa = PBXBuildFile; fileRef = 0AA3830E2678CE6D00CE9D94 /* BlurView.swift */; };
		0AD0AFC826784B5F004190BD /* ISS_TrackerApp.swift in Sources */ = {isa = PBXBuildFile; fileRef = 0AD0AFC726784B5F004190BD /* ISS_TrackerApp.swift */; };
		0AD0AFCA26784B5F004190BD /* ContentView.swift in Sources */ = {isa = PBXBuildFile; fileRef = 0AD0AFC926784B5F004190BD /* ContentView.swift */; };
		0AD0AFCC26784B61004190BD /* Assets.xcassets in Resources */ = {isa = PBXBuildFile; fileRef = 0AD0AFCB26784B61004190BD /* Assets.xcassets */; };
		0AD0AFCF26784B61004190BD /* Preview Assets.xcassets in Resources */ = {isa = PBXBuildFile; fileRef = 0AD0AFCE26784B61004190BD /* Preview Assets.xcassets */; };
		0AD0AFD626785753004190BD /* ISS.swift in Sources */ = {isa = PBXBuildFile; fileRef = 0AD0AFD526785753004190BD /* ISS.swift */; };
		0AD0AFD826785807004190BD /* ISSViewModel.swift in Sources */ = {isa = PBXBuildFile; fileRef = 0AD0AFD726785807004190BD /* ISSViewModel.swift */; };
		0AD0AFDA26788F80004190BD /* FocusButton.swift in Sources */ = {isa = PBXBuildFile; fileRef = 0AD0AFD926788F80004190BD /* FocusButton.swift */; };
		0AD0AFDC26788F96004190BD /* PositionDetailsBar.swift in Sources */ = {isa = PBXBuildFile; fileRef = 0AD0AFDB26788F96004190BD /* PositionDetailsBar.swift */; };
		0AD0AFDE267890A5004190BD /* MapView.swift in Sources */ = {isa = PBXBuildFile; fileRef = 0AD0AFDD267890A5004190BD /* MapView.swift */; };
		0AD0AFE0267897C6004190BD /* PeopleButton.swift in Sources */ = {isa = PBXBuildFile; fileRef = 0AD0AFDF267897C6004190BD /* PeopleButton.swift */; };
		0AD0AFE52678A164004190BD /* Aboard.swift in Sources */ = {isa = PBXBuildFile; fileRef = 0AD0AFE42678A164004190BD /* Aboard.swift */; };
		0AD0AFE72678A21A004190BD /* AboardDataViewModel.swift in Sources */ = {isa = PBXBuildFile; fileRef = 0AD0AFE62678A21A004190BD /* AboardDataViewModel.swift */; };
/* End PBXBuildFile section */

/* Begin PBXFileReference section */
		0A58C0C32679B657004C54EB /* LoadingView.swift */ = {isa = PBXFileReference; lastKnownFileType = sourcecode.swift; path = LoadingView.swift; sourceTree = "<group>"; };
		0A58C0C52679BEEF004C54EB /* AboutMenu.swift */ = {isa = PBXFileReference; lastKnownFileType = sourcecode.swift; path = AboutMenu.swift; sourceTree = "<group>"; };
		0AA3830E2678CE6D00CE9D94 /* BlurView.swift */ = {isa = PBXFileReference; lastKnownFileType = sourcecode.swift; path = BlurView.swift; sourceTree = "<group>"; };
		0AD0AFC426784B5F004190BD /* ISS Tracker.app */ = {isa = PBXFileReference; explicitFileType = wrapper.application; includeInIndex = 0; path = "ISS Tracker.app"; sourceTree = BUILT_PRODUCTS_DIR; };
		0AD0AFC726784B5F004190BD /* ISS_TrackerApp.swift */ = {isa = PBXFileReference; lastKnownFileType = sourcecode.swift; path = ISS_TrackerApp.swift; sourceTree = "<group>"; };
		0AD0AFC926784B5F004190BD /* ContentView.swift */ = {isa = PBXFileReference; lastKnownFileType = sourcecode.swift; path = ContentView.swift; sourceTree = "<group>"; };
		0AD0AFCB26784B61004190BD /* Assets.xcassets */ = {isa = PBXFileReference; lastKnownFileType = folder.assetcatalog; path = Assets.xcassets; sourceTree = "<group>"; };
		0AD0AFCE26784B61004190BD /* Preview Assets.xcassets */ = {isa = PBXFileReference; lastKnownFileType = folder.assetcatalog; path = "Preview Assets.xcassets"; sourceTree = "<group>"; };
		0AD0AFD526785753004190BD /* ISS.swift */ = {isa = PBXFileReference; lastKnownFileType = sourcecode.swift; path = ISS.swift; sourceTree = "<group>"; };
		0AD0AFD726785807004190BD /* ISSViewModel.swift */ = {isa = PBXFileReference; lastKnownFileType = sourcecode.swift; path = ISSViewModel.swift; sourceTree = "<group>"; };
		0AD0AFD926788F80004190BD /* FocusButton.swift */ = {isa = PBXFileReference; lastKnownFileType = sourcecode.swift; path = FocusButton.swift; sourceTree = "<group>"; };
		0AD0AFDB26788F96004190BD /* PositionDetailsBar.swift */ = {isa = PBXFileReference; lastKnownFileType = sourcecode.swift; path = PositionDetailsBar.swift; sourceTree = "<group>"; };
		0AD0AFDD267890A5004190BD /* MapView.swift */ = {isa = PBXFileReference; lastKnownFileType = sourcecode.swift; path = MapView.swift; sourceTree = "<group>"; };
		0AD0AFDF267897C6004190BD /* PeopleButton.swift */ = {isa = PBXFileReference; lastKnownFileType = sourcecode.swift; path = PeopleButton.swift; sourceTree = "<group>"; };
		0AD0AFE42678A164004190BD /* Aboard.swift */ = {isa = PBXFileReference; lastKnownFileType = sourcecode.swift; path = Aboard.swift; sourceTree = "<group>"; };
		0AD0AFE62678A21A004190BD /* AboardDataViewModel.swift */ = {isa = PBXFileReference; lastKnownFileType = sourcecode.swift; path = AboardDataViewModel.swift; sourceTree = "<group>"; };
		0AD0AFE82678A56A004190BD /* ISS-Tracker-Info.plist */ = {isa = PBXFileReference; lastKnownFileType = text.plist; path = "ISS-Tracker-Info.plist"; sourceTree = SOURCE_ROOT; };
/* End PBXFileReference section */

/* Begin PBXFrameworksBuildPhase section */
		0AD0AFC126784B5F004190BD /* Frameworks */ = {
			isa = PBXFrameworksBuildPhase;
			buildActionMask = 2147483647;
			files = (
			);
			runOnlyForDeploymentPostprocessing = 0;
		};
/* End PBXFrameworksBuildPhase section */

/* Begin PBXGroup section */
		0AA3830D2678CE5600CE9D94 /* Support */ = {
			isa = PBXGroup;
			children = (
				0AA3830E2678CE6D00CE9D94 /* BlurView.swift */,
			);
			path = Support;
			sourceTree = "<group>";
		};
		0AD0AFBB26784B5F004190BD = {
			isa = PBXGroup;
			children = (
				0AD0AFC626784B5F004190BD /* ISS Tracker */,
				0AD0AFC526784B5F004190BD /* Products */,
			);
			sourceTree = "<group>";
		};
		0AD0AFC526784B5F004190BD /* Products */ = {
			isa = PBXGroup;
			children = (
				0AD0AFC426784B5F004190BD /* ISS Tracker.app */,
			);
			name = Products;
			sourceTree = "<group>";
		};
		0AD0AFC626784B5F004190BD /* ISS Tracker */ = {
			isa = PBXGroup;
			children = (
				0AD0AFE82678A56A004190BD /* ISS-Tracker-Info.plist */,
				0AD0AFC726784B5F004190BD /* ISS_TrackerApp.swift */,
				0AD0AFE12678A11E004190BD /* Models */,
				0AD0AFE22678A125004190BD /* ViewModels */,
				0AD0AFE32678A131004190BD /* Views */,
				0AA3830D2678CE5600CE9D94 /* Support */,
				0AD0AFCB26784B61004190BD /* Assets.xcassets */,
				0AD0AFCD26784B61004190BD /* Preview Content */,
			);
			path = "ISS Tracker";
			sourceTree = "<group>";
		};
		0AD0AFCD26784B61004190BD /* Preview Content */ = {
			isa = PBXGroup;
			children = (
				0AD0AFCE26784B61004190BD /* Preview Assets.xcassets */,
			);
			path = "Preview Content";
			sourceTree = "<group>";
		};
		0AD0AFE12678A11E004190BD /* Models */ = {
			isa = PBXGroup;
			children = (
				0AD0AFD526785753004190BD /* ISS.swift */,
				0AD0AFE42678A164004190BD /* Aboard.swift */,
			);
			path = Models;
			sourceTree = "<group>";
		};
		0AD0AFE22678A125004190BD /* ViewModels */ = {
			isa = PBXGroup;
			children = (
				0AD0AFD726785807004190BD /* ISSViewModel.swift */,
				0AD0AFE62678A21A004190BD /* AboardDataViewModel.swift */,
			);
			path = ViewModels;
			sourceTree = "<group>";
		};
		0AD0AFE32678A131004190BD /* Views */ = {
			isa = PBXGroup;
			children = (
				0AD0AFC926784B5F004190BD /* ContentView.swift */,
				0AD0AFDD267890A5004190BD /* MapView.swift */,
				0AD0AFDB26788F96004190BD /* PositionDetailsBar.swift */,
				0AD0AFD926788F80004190BD /* FocusButton.swift */,
				0AD0AFDF267897C6004190BD /* PeopleButton.swift */,
				0A58C0C52679BEEF004C54EB /* AboutMenu.swift */,
				0A58C0C32679B657004C54EB /* LoadingView.swift */,
			);
			path = Views;
			sourceTree = "<group>";
		};
/* End PBXGroup section */

/* Begin PBXNativeTarget section */
		0AD0AFC326784B5F004190BD /* ISS Tracker */ = {
			isa = PBXNativeTarget;
			buildConfigurationList = 0AD0AFD226784B61004190BD /* Build configuration list for PBXNativeTarget "ISS Tracker" */;
			buildPhases = (
				0AD0AFC026784B5F004190BD /* Sources */,
				0AD0AFC126784B5F004190BD /* Frameworks */,
				0AD0AFC226784B5F004190BD /* Resources */,
			);
			buildRules = (
			);
			dependencies = (
			);
			name = "ISS Tracker";
			productName = "ISS Tracker";
			productReference = 0AD0AFC426784B5F004190BD /* ISS Tracker.app */;
			productType = "com.apple.product-type.application";
		};
/* End PBXNativeTarget section */

/* Begin PBXProject section */
		0AD0AFBC26784B5F004190BD /* Project object */ = {
			isa = PBXProject;
			attributes = {
				BuildIndependentTargetsInParallel = 1;
				LastSwiftUpdateCheck = 1300;
				LastUpgradeCheck = 1300;
				TargetAttributes = {
					0AD0AFC326784B5F004190BD = {
						CreatedOnToolsVersion = 13.0;
					};
				};
			};
			buildConfigurationList = 0AD0AFBF26784B5F004190BD /* Build configuration list for PBXProject "ISS Tracker" */;
			compatibilityVersion = "Xcode 13.0";
			developmentRegion = en;
			hasScannedForEncodings = 0;
			knownRegions = (
				en,
				Base,
			);
			mainGroup = 0AD0AFBB26784B5F004190BD;
			productRefGroup = 0AD0AFC526784B5F004190BD /* Products */;
			projectDirPath = "";
			projectRoot = "";
			targets = (
				0AD0AFC326784B5F004190BD /* ISS Tracker */,
			);
		};
/* End PBXProject section */

/* Begin PBXResourcesBuildPhase section */
		0AD0AFC226784B5F004190BD /* Resources */ = {
			isa = PBXResourcesBuildPhase;
			buildActionMask = 2147483647;
			files = (
				0AD0AFCF26784B61004190BD /* Preview Assets.xcassets in Resources */,
				0AD0AFCC26784B61004190BD /* Assets.xcassets in Resources */,
			);
			runOnlyForDeploymentPostprocessing = 0;
		};
/* End PBXResourcesBuildPhase section */

/* Begin PBXSourcesBuildPhase section */
		0AD0AFC026784B5F004190BD /* Sources */ = {
			isa = PBXSourcesBuildPhase;
			buildActionMask = 2147483647;
			files = (
				0AD0AFDE267890A5004190BD /* MapView.swift in Sources */,
				0AD0AFD826785807004190BD /* ISSViewModel.swift in Sources */,
				0AD0AFCA26784B5F004190BD /* ContentView.swift in Sources */,
				0AD0AFDA26788F80004190BD /* FocusButton.swift in Sources */,
				0AA3830F2678CE6D00CE9D94 /* BlurView.swift in Sources */,
				0A58C0C42679B657004C54EB /* LoadingView.swift in Sources */,
				0AD0AFDC26788F96004190BD /* PositionDetailsBar.swift in Sources */,
				0AD0AFD626785753004190BD /* ISS.swift in Sources */,
				0AD0AFE0267897C6004190BD /* PeopleButton.swift in Sources */,
				0AD0AFE52678A164004190BD /* Aboard.swift in Sources */,
				0AD0AFC826784B5F004190BD /* ISS_TrackerApp.swift in Sources */,
				0A58C0C62679BEEF004C54EB /* AboutMenu.swift in Sources */,
				0AD0AFE72678A21A004190BD /* AboardDataViewModel.swift in Sources */,
			);
			runOnlyForDeploymentPostprocessing = 0;
		};
/* End PBXSourcesBuildPhase section */

/* Begin XCBuildConfiguration section */
		0AD0AFD026784B61004190BD /* Debug */ = {
			isa = XCBuildConfiguration;
			buildSettings = {
				ALWAYS_SEARCH_USER_PATHS = NO;
				CLANG_ANALYZER_NONNULL = YES;
				CLANG_ANALYZER_NUMBER_OBJECT_CONVERSION = YES_AGGRESSIVE;
				CLANG_CXX_LANGUAGE_STANDARD = "gnu++14";
				CLANG_CXX_LIBRARY = "libc++";
				CLANG_ENABLE_MODULES = YES;
				CLANG_ENABLE_OBJC_ARC = YES;
				CLANG_ENABLE_OBJC_WEAK = YES;
				CLANG_WARN_BLOCK_CAPTURE_AUTORELEASING = YES;
				CLANG_WARN_BOOL_CONVERSION = YES;
				CLANG_WARN_COMMA = YES;
				CLANG_WARN_CONSTANT_CONVERSION = YES;
				CLANG_WARN_DEPRECATED_OBJC_IMPLEMENTATIONS = YES;
				CLANG_WARN_DIRECT_OBJC_ISA_USAGE = YES_ERROR;
				CLANG_WARN_DOCUMENTATION_COMMENTS = YES;
				CLANG_WARN_EMPTY_BODY = YES;
				CLANG_WARN_ENUM_CONVERSION = YES;
				CLANG_WARN_INFINITE_RECURSION = YES;
				CLANG_WARN_INT_CONVERSION = YES;
				CLANG_WARN_NON_LITERAL_NULL_CONVERSION = YES;
				CLANG_WARN_OBJC_IMPLICIT_RETAIN_SELF = YES;
				CLANG_WARN_OBJC_LITERAL_CONVERSION = YES;
				CLANG_WARN_OBJC_ROOT_CLASS = YES_ERROR;
				CLANG_WARN_QUOTED_INCLUDE_IN_FRAMEWORK_HEADER = YES;
				CLANG_WARN_RANGE_LOOP_ANALYSIS = YES;
				CLANG_WARN_STRICT_PROTOTYPES = YES;
				CLANG_WARN_SUSPICIOUS_MOVE = YES;
				CLANG_WARN_UNGUARDED_AVAILABILITY = YES_AGGRESSIVE;
				CLANG_WARN_UNREACHABLE_CODE = YES;
				CLANG_WARN__DUPLICATE_METHOD_MATCH = YES;
				COPY_PHASE_STRIP = NO;
				DEBUG_INFORMATION_FORMAT = dwarf;
				ENABLE_STRICT_OBJC_MSGSEND = YES;
				ENABLE_TESTABILITY = YES;
				GCC_C_LANGUAGE_STANDARD = gnu11;
				GCC_DYNAMIC_NO_PIC = NO;
				GCC_NO_COMMON_BLOCKS = YES;
				GCC_OPTIMIZATION_LEVEL = 0;
				GCC_PREPROCESSOR_DEFINITIONS = (
					"DEBUG=1",
					"$(inherited)",
				);
				GCC_WARN_64_TO_32_BIT_CONVERSION = YES;
				GCC_WARN_ABOUT_RETURN_TYPE = YES_ERROR;
				GCC_WARN_UNDECLARED_SELECTOR = YES;
				GCC_WARN_UNINITIALIZED_AUTOS = YES_AGGRESSIVE;
				GCC_WARN_UNUSED_FUNCTION = YES;
				GCC_WARN_UNUSED_VARIABLE = YES;
				IPHONEOS_DEPLOYMENT_TARGET = 14.1;
				MTL_ENABLE_DEBUG_INFO = INCLUDE_SOURCE;
				MTL_FAST_MATH = YES;
				ONLY_ACTIVE_ARCH = YES;
				SDKROOT = iphoneos;
				SWIFT_ACTIVE_COMPILATION_CONDITIONS = DEBUG;
				SWIFT_OPTIMIZATION_LEVEL = "-Onone";
			};
			name = Debug;
		};
		0AD0AFD126784B61004190BD /* Release */ = {
			isa = XCBuildConfiguration;
			buildSettings = {
				ALWAYS_SEARCH_USER_PATHS = NO;
				CLANG_ANALYZER_NONNULL = YES;
				CLANG_ANALYZER_NUMBER_OBJECT_CONVERSION = YES_AGGRESSIVE;
				CLANG_CXX_LANGUAGE_STANDARD = "gnu++14";
				CLANG_CXX_LIBRARY = "libc++";
				CLANG_ENABLE_MODULES = YES;
				CLANG_ENABLE_OBJC_ARC = YES;
				CLANG_ENABLE_OBJC_WEAK = YES;
				CLANG_WARN_BLOCK_CAPTURE_AUTORELEASING = YES;
				CLANG_WARN_BOOL_CONVERSION = YES;
				CLANG_WARN_COMMA = YES;
				CLANG_WARN_CONSTANT_CONVERSION = YES;
				CLANG_WARN_DEPRECATED_OBJC_IMPLEMENTATIONS = YES;
				CLANG_WARN_DIRECT_OBJC_ISA_USAGE = YES_ERROR;
				CLANG_WARN_DOCUMENTATION_COMMENTS = YES;
				CLANG_WARN_EMPTY_BODY = YES;
				CLANG_WARN_ENUM_CONVERSION = YES;
				CLANG_WARN_INFINITE_RECURSION = YES;
				CLANG_WARN_INT_CONVERSION = YES;
				CLANG_WARN_NON_LITERAL_NULL_CONVERSION = YES;
				CLANG_WARN_OBJC_IMPLICIT_RETAIN_SELF = YES;
				CLANG_WARN_OBJC_LITERAL_CONVERSION = YES;
				CLANG_WARN_OBJC_ROOT_CLASS = YES_ERROR;
				CLANG_WARN_QUOTED_INCLUDE_IN_FRAMEWORK_HEADER = YES;
				CLANG_WARN_RANGE_LOOP_ANALYSIS = YES;
				CLANG_WARN_STRICT_PROTOTYPES = YES;
				CLANG_WARN_SUSPICIOUS_MOVE = YES;
				CLANG_WARN_UNGUARDED_AVAILABILITY = YES_AGGRESSIVE;
				CLANG_WARN_UNREACHABLE_CODE = YES;
				CLANG_WARN__DUPLICATE_METHOD_MATCH = YES;
				COPY_PHASE_STRIP = NO;
				DEBUG_INFORMATION_FORMAT = "dwarf-with-dsym";
				ENABLE_NS_ASSERTIONS = NO;
				ENABLE_STRICT_OBJC_MSGSEND = YES;
				GCC_C_LANGUAGE_STANDARD = gnu11;
				GCC_NO_COMMON_BLOCKS = YES;
				GCC_WARN_64_TO_32_BIT_CONVERSION = YES;
				GCC_WARN_ABOUT_RETURN_TYPE = YES_ERROR;
				GCC_WARN_UNDECLARED_SELECTOR = YES;
				GCC_WARN_UNINITIALIZED_AUTOS = YES_AGGRESSIVE;
				GCC_WARN_UNUSED_FUNCTION = YES;
				GCC_WARN_UNUSED_VARIABLE = YES;
				IPHONEOS_DEPLOYMENT_TARGET = 14.1;
				MTL_ENABLE_DEBUG_INFO = NO;
				MTL_FAST_MATH = YES;
				SDKROOT = iphoneos;
				SWIFT_COMPILATION_MODE = wholemodule;
				SWIFT_OPTIMIZATION_LEVEL = "-O";
				VALIDATE_PRODUCT = YES;
			};
			name = Release;
		};
		0AD0AFD326784B61004190BD /* Debug */ = {
			isa = XCBuildConfiguration;
			buildSettings = {
				ASSETCATALOG_COMPILER_APPICON_NAME = AppIcon;
				ASSETCATALOG_COMPILER_GLOBAL_ACCENT_COLOR_NAME = AccentColor;
				CODE_SIGN_STYLE = Automatic;
				CURRENT_PROJECT_VERSION = 1;
				DEVELOPMENT_ASSET_PATHS = "\"ISS Tracker/Preview Content\"";
				DEVELOPMENT_TEAM = BJY4B596D6;
				ENABLE_PREVIEWS = YES;
				GENERATE_INFOPLIST_FILE = YES;
				INFOPLIST_FILE = "ISS-Tracker-Info.plist";
				INFOPLIST_KEY_CFBundleDisplayName = "Spy on ISS";
				INFOPLIST_KEY_CFBundleExecutable = "ISS Tracker";
				INFOPLIST_KEY_CFBundleName = "ISS Tracker";
				INFOPLIST_KEY_CFBundleVersion = 3;
				INFOPLIST_KEY_UIApplicationSceneManifest_Generation = YES;
				INFOPLIST_KEY_UIApplicationSupportsIndirectInputEvents = YES;
				INFOPLIST_KEY_UILaunchScreen_Generation = YES;
				INFOPLIST_KEY_UISupportedInterfaceOrientations_iPad = "UIInterfaceOrientationPortrait UIInterfaceOrientationPortraitUpsideDown UIInterfaceOrientationLandscapeLeft UIInterfaceOrientationLandscapeRight";
				INFOPLIST_KEY_UISupportedInterfaceOrientations_iPhone = "UIInterfaceOrientationPortrait UIInterfaceOrientationLandscapeLeft UIInterfaceOrientationLandscapeRight";
				IPHONEOS_DEPLOYMENT_TARGET = 14.1;
				LD_RUNPATH_SEARCH_PATHS = (
					"$(inherited)",
					"@executable_path/Frameworks",
				);
				MARKETING_VERSION = 1.0;
				PRODUCT_BUNDLE_IDENTIFIER = "com.umayanga.ISS-Tracker";
				PRODUCT_NAME = "$(TARGET_NAME)";
				SWIFT_EMIT_LOC_STRINGS = YES;
				SWIFT_VERSION = 5.0;
				TARGETED_DEVICE_FAMILY = "1,2";
			};
			name = Debug;
		};
		0AD0AFD426784B61004190BD /* Release */ = {
			isa = XCBuildConfiguration;
			buildSettings = {
				ASSETCATALOG_COMPILER_APPICON_NAME = AppIcon;
				ASSETCATALOG_COMPILER_GLOBAL_ACCENT_COLOR_NAME = AccentColor;
				CODE_SIGN_STYLE = Automatic;
				CURRENT_PROJECT_VERSION = 1;
				DEVELOPMENT_ASSET_PATHS = "\"ISS Tracker/Preview Content\"";
				DEVELOPMENT_TEAM = BJY4B596D6;
				ENABLE_PREVIEWS = YES;
				GENERATE_INFOPLIST_FILE = YES;
				INFOPLIST_FILE = "ISS-Tracker-Info.plist";
				INFOPLIST_KEY_CFBundleDisplayName = "Spy on ISS";
				INFOPLIST_KEY_CFBundleExecutable = "ISS Tracker";
				INFOPLIST_KEY_CFBundleName = "ISS Tracker";
				INFOPLIST_KEY_CFBundleVersion = 3;
				INFOPLIST_KEY_UIApplicationSceneManifest_Generation = YES;
				INFOPLIST_KEY_UIApplicationSupportsIndirectInputEvents = YES;
				INFOPLIST_KEY_UILaunchScreen_Generation = YES;
				INFOPLIST_KEY_UISupportedInterfaceOrientations_iPad = "UIInterfaceOrientationPortrait UIInterfaceOrientationPortraitUpsideDown UIInterfaceOrientationLandscapeLeft UIInterfaceOrientationLandscapeRight";
				INFOPLIST_KEY_UISupportedInterfaceOrientations_iPhone = "UIInterfaceOrientationPortrait UIInterfaceOrientationLandscapeLeft UIInterfaceOrientationLandscapeRight";
				IPHONEOS_DEPLOYMENT_TARGET = 14.1;
				LD_RUNPATH_SEARCH_PATHS = (
					"$(inherited)",
					"@executable_path/Frameworks",
				);
				MARKETING_VERSION = 1.0;
				PRODUCT_BUNDLE_IDENTIFIER = "com.umayanga.ISS-Tracker";
				PRODUCT_NAME = "$(TARGET_NAME)";
				SWIFT_EMIT_LOC_STRINGS = YES;
				SWIFT_VERSION = 5.0;
				TARGETED_DEVICE_FAMILY = "1,2";
			};
			name = Release;
		};
/* End XCBuildConfiguration section */

/* Begin XCConfigurationList section */
		0AD0AFBF26784B5F004190BD /* Build configuration list for PBXProject "ISS Tracker" */ = {
			isa = XCConfigurationList;
			buildConfigurations = (
				0AD0AFD026784B61004190BD /* Debug */,
				0AD0AFD126784B61004190BD /* Release */,
			);
			defaultConfigurationIsVisible = 0;
			defaultConfigurationName = Release;
		};
		0AD0AFD226784B61004190BD /* Build configuration list for PBXNativeTarget "ISS Tracker" */ = {
			isa = XCConfigurationList;
			buildConfigurations = (
				0AD0AFD326784B61004190BD /* Debug */,
				0AD0AFD426784B61004190BD /* Release */,
			);
			defaultConfigurationIsVisible = 0;
			defaultConfigurationName = Release;
		};
/* End XCConfigurationList section */
	};
	rootObject = 0AD0AFBC26784B5F004190BD /* Project object */;
}
